
Microsoft Visual Studio Solution File, Format Version 12.00
# Visual Studio Version 17
VisualStudioVersion = 17.8.34408.163
MinimumVisualStudioVersion = 10.0.40219.1
Project("{FAE04EC0-301F-11D3-BF4B-00C04F79EFBC}") = "MVC_Webapp_CRUD", "MVC_Webapp_CRUD\MVC_Webapp_CRUD.csproj", "{CBB0D46A-2D5C-4844-8F43-4B1B9999EA15}"
EndProject
Project("{2150E333-8FDC-42A3-9474-1A3956D46DE8}") = "Solution Items", "Solution Items", "{9F71598E-E14E-4547-9F10-4B120AD760FD}"
	ProjectSection(SolutionItems) = preProject
		.editorconfig = .editorconfig
	EndProjectSection
EndProject
Global
	GlobalSection(SolutionConfigurationPlatforms) = preSolution
		Debug|Any CPU = Debug|Any CPU
		Release|Any CPU = Release|Any CPU
	EndGlobalSection
	GlobalSection(ProjectConfigurationPlatforms) = postSolution
		{CBB0D46A-2D5C-4844-8F43-4B1B9999EA15}.Debug|Any CPU.ActiveCfg = Debug|Any CPU
		{CBB0D46A-2D5C-4844-8F43-4B1B9999EA15}.Debug|Any CPU.Build.0 = Debug|Any CPU
		{CBB0D46A-2D5C-4844-8F43-4B1B9999EA15}.Release|Any CPU.ActiveCfg = Release|Any CPU
		{CBB0D46A-2D5C-4844-8F43-4B1B9999EA15}.Release|Any CPU.Build.0 = Release|Any CPU
	EndGlobalSection
	GlobalSection(SolutionProperties) = preSolution
		HideSolutionNode = FALSE
	EndGlobalSection
	GlobalSection(ExtensibilityGlobals) = postSolution
		SolutionGuid = {E47792C0-81D4-4BE8-BEC1-F418C1618CFF}
	EndGlobalSection
EndGlobal
