
Microsoft Visual Studio Solution File, Format Version 12.00
# Visual Studio Version 17
VisualStudioVersion = 17.8.34408.163
MinimumVisualStudioVersion = 10.0.40219.1
Project("{FAE04EC0-301F-11D3-BF4B-00C04F79EFBC}") = "ArticlesCRUD_MVC", "ArticlesCRUD_MVC\ArticlesCRUD_MVC.csproj", "{2EFDC902-99BE-4AD3-AB0A-007292575CD2}"
EndProject
Global
	GlobalSection(SolutionConfigurationPlatforms) = preSolution
		Debug|Any CPU = Debug|Any CPU
		Release|Any CPU = Release|Any CPU
	EndGlobalSection
	GlobalSection(ProjectConfigurationPlatforms) = postSolution
		{2EFDC902-99BE-4AD3-AB0A-007292575CD2}.Debug|Any CPU.ActiveCfg = Debug|Any CPU
		{2EFDC902-99BE-4AD3-AB0A-007292575CD2}.Debug|Any CPU.Build.0 = Debug|Any CPU
		{2EFDC902-99BE-4AD3-AB0A-007292575CD2}.Release|Any CPU.ActiveCfg = Release|Any CPU
		{2EFDC902-99BE-4AD3-AB0A-007292575CD2}.Release|Any CPU.Build.0 = Release|Any CPU
	EndGlobalSection
	GlobalSection(SolutionProperties) = preSolution
		HideSolutionNode = FALSE
	EndGlobalSection
	GlobalSection(ExtensibilityGlobals) = postSolution
		SolutionGuid = {BA143A50-546F-4EF7-A5A1-89CCC4414334}
	EndGlobalSection
EndGlobal
