
Microsoft Visual Studio Solution File, Format Version 12.00
# Visual Studio Version 17
VisualStudioVersion = 17.8.34408.163
MinimumVisualStudioVersion = 10.0.40219.1
Project("{FAE04EC0-301F-11D3-BF4B-00C04F79EFBC}") = "Articles_CRUD_MVC", "Articles_CRUD_MVC\Articles_CRUD_MVC.csproj", "{3D38C0FB-8F92-436E-855E-F34080ACBBBE}"
EndProject
Global
	GlobalSection(SolutionConfigurationPlatforms) = preSolution
		Debug|Any CPU = Debug|Any CPU
		Release|Any CPU = Release|Any CPU
	EndGlobalSection
	GlobalSection(ProjectConfigurationPlatforms) = postSolution
		{3D38C0FB-8F92-436E-855E-F34080ACBBBE}.Debug|Any CPU.ActiveCfg = Debug|Any CPU
		{3D38C0FB-8F92-436E-855E-F34080ACBBBE}.Debug|Any CPU.Build.0 = Debug|Any CPU
		{3D38C0FB-8F92-436E-855E-F34080ACBBBE}.Release|Any CPU.ActiveCfg = Release|Any CPU
		{3D38C0FB-8F92-436E-855E-F34080ACBBBE}.Release|Any CPU.Build.0 = Release|Any CPU
	EndGlobalSection
	GlobalSection(SolutionProperties) = preSolution
		HideSolutionNode = FALSE
	EndGlobalSection
	GlobalSection(ExtensibilityGlobals) = postSolution
		SolutionGuid = {237A673F-31A3-48AC-A621-B9A6034E77C5}
	EndGlobalSection
EndGlobal
