
Microsoft Visual Studio Solution File, Format Version 12.00
# Visual Studio Version 17
VisualStudioVersion = 17.8.34408.163
MinimumVisualStudioVersion = 10.0.40219.1
Project("{FAE04EC0-301F-11D3-BF4B-00C04F79EFBC}") = "WindowsFormsApp1", "WindowsFormsApp1\WindowsFormsApp1.csproj", "{CE0F90C2-5581-4C36-AE6C-7E593B2373F3}"
EndProject
Global
	GlobalSection(SolutionConfigurationPlatforms) = preSolution
		Debug|Any CPU = Debug|Any CPU
		Release|Any CPU = Release|Any CPU
	EndGlobalSection
	GlobalSection(ProjectConfigurationPlatforms) = postSolution
		{CE0F90C2-5581-4C36-AE6C-7E593B2373F3}.Debug|Any CPU.ActiveCfg = Debug|Any CPU
		{CE0F90C2-5581-4C36-AE6C-7E593B2373F3}.Debug|Any CPU.Build.0 = Debug|Any CPU
		{CE0F90C2-5581-4C36-AE6C-7E593B2373F3}.Release|Any CPU.ActiveCfg = Release|Any CPU
		{CE0F90C2-5581-4C36-AE6C-7E593B2373F3}.Release|Any CPU.Build.0 = Release|Any CPU
	EndGlobalSection
	GlobalSection(SolutionProperties) = preSolution
		HideSolutionNode = FALSE
	EndGlobalSection
	GlobalSection(ExtensibilityGlobals) = postSolution
		SolutionGuid = {176634F5-5820-422B-BB54-F6C4EAD15072}
	EndGlobalSection
EndGlobal
