
Microsoft Visual Studio Solution File, Format Version 12.00
# Visual Studio Version 17
VisualStudioVersion = 17.8.34408.163
MinimumVisualStudioVersion = 10.0.40219.1
Project("{FAE04EC0-301F-11D3-BF4B-00C04F79EFBC}") = "Serialization dll", "Serialization dll\Serialization dll.csproj", "{C13153B1-6AC3-45AE-8BB6-306D5CCCC735}"
EndProject
Project("{FAE04EC0-301F-11D3-BF4B-00C04F79EFBC}") = "serializationex1", "serializationex1\serializationex1.csproj", "{3E25B495-C133-451B-81E8-DDC0D986E87D}"
EndProject
Global
	GlobalSection(SolutionConfigurationPlatforms) = preSolution
		Debug|Any CPU = Debug|Any CPU
		Release|Any CPU = Release|Any CPU
	EndGlobalSection
	GlobalSection(ProjectConfigurationPlatforms) = postSolution
		{C13153B1-6AC3-45AE-8BB6-306D5CCCC735}.Debug|Any CPU.ActiveCfg = Debug|Any CPU
		{C13153B1-6AC3-45AE-8BB6-306D5CCCC735}.Debug|Any CPU.Build.0 = Debug|Any CPU
		{C13153B1-6AC3-45AE-8BB6-306D5CCCC735}.Release|Any CPU.ActiveCfg = Release|Any CPU
		{C13153B1-6AC3-45AE-8BB6-306D5CCCC735}.Release|Any CPU.Build.0 = Release|Any CPU
		{3E25B495-C133-451B-81E8-DDC0D986E87D}.Debug|Any CPU.ActiveCfg = Debug|Any CPU
		{3E25B495-C133-451B-81E8-DDC0D986E87D}.Debug|Any CPU.Build.0 = Debug|Any CPU
		{3E25B495-C133-451B-81E8-DDC0D986E87D}.Release|Any CPU.ActiveCfg = Release|Any CPU
		{3E25B495-C133-451B-81E8-DDC0D986E87D}.Release|Any CPU.Build.0 = Release|Any CPU
	EndGlobalSection
	GlobalSection(SolutionProperties) = preSolution
		HideSolutionNode = FALSE
	EndGlobalSection
	GlobalSection(ExtensibilityGlobals) = postSolution
		SolutionGuid = {763C5B0A-F895-42B1-99EE-AF3E06B04AD2}
	EndGlobalSection
EndGlobal
