
Microsoft Visual Studio Solution File, Format Version 12.00
# Visual Studio Version 17
VisualStudioVersion = 17.8.34408.163
MinimumVisualStudioVersion = 10.0.40219.1
Project("{FAE04EC0-301F-11D3-BF4B-00C04F79EFBC}") = "ref keyword", "ref keyword\ref keyword.csproj", "{94B61282-D28D-4813-AED5-92EE5404E5EB}"
EndProject
Global
	GlobalSection(SolutionConfigurationPlatforms) = preSolution
		Debug|Any CPU = Debug|Any CPU
		Release|Any CPU = Release|Any CPU
	EndGlobalSection
	GlobalSection(ProjectConfigurationPlatforms) = postSolution
		{94B61282-D28D-4813-AED5-92EE5404E5EB}.Debug|Any CPU.ActiveCfg = Debug|Any CPU
		{94B61282-D28D-4813-AED5-92EE5404E5EB}.Debug|Any CPU.Build.0 = Debug|Any CPU
		{94B61282-D28D-4813-AED5-92EE5404E5EB}.Release|Any CPU.ActiveCfg = Release|Any CPU
		{94B61282-D28D-4813-AED5-92EE5404E5EB}.Release|Any CPU.Build.0 = Release|Any CPU
	EndGlobalSection
	GlobalSection(SolutionProperties) = preSolution
		HideSolutionNode = FALSE
	EndGlobalSection
	GlobalSection(ExtensibilityGlobals) = postSolution
		SolutionGuid = {2B5B9F25-D232-4886-96F5-3A03521374DB}
	EndGlobalSection
EndGlobal
