
Microsoft Visual Studio Solution File, Format Version 12.00
# Visual Studio Version 17
VisualStudioVersion = 17.8.34408.163
MinimumVisualStudioVersion = 10.0.40219.1
Project("{FAE04EC0-301F-11D3-BF4B-00C04F79EFBC}") = "Countobjects", "Countobjects\Countobjects.csproj", "{9C0C7242-FF4E-406D-AA48-0D257E40D095}"
EndProject
Global
	GlobalSection(SolutionConfigurationPlatforms) = preSolution
		Debug|Any CPU = Debug|Any CPU
		Release|Any CPU = Release|Any CPU
	EndGlobalSection
	GlobalSection(ProjectConfigurationPlatforms) = postSolution
		{9C0C7242-FF4E-406D-AA48-0D257E40D095}.Debug|Any CPU.ActiveCfg = Debug|Any CPU
		{9C0C7242-FF4E-406D-AA48-0D257E40D095}.Debug|Any CPU.Build.0 = Debug|Any CPU
		{9C0C7242-FF4E-406D-AA48-0D257E40D095}.Release|Any CPU.ActiveCfg = Release|Any CPU
		{9C0C7242-FF4E-406D-AA48-0D257E40D095}.Release|Any CPU.Build.0 = Release|Any CPU
	EndGlobalSection
	GlobalSection(SolutionProperties) = preSolution
		HideSolutionNode = FALSE
	EndGlobalSection
	GlobalSection(ExtensibilityGlobals) = postSolution
		SolutionGuid = {31D76210-B22E-4FC3-82A0-DF66B7ED1D98}
	EndGlobalSection
EndGlobal
