
Microsoft Visual Studio Solution File, Format Version 12.00
# Visual Studio Version 17
VisualStudioVersion = 17.8.34408.163
MinimumVisualStudioVersion = 10.0.40219.1
Project("{FAE04EC0-301F-11D3-BF4B-00C04F79EFBC}") = "WebApplication_CustomControl", "WebApplication_CustomControl\WebApplication_CustomControl.csproj", "{7CA35C9D-745A-4BB1-8B96-E45D626F372A}"
EndProject
Global
	GlobalSection(SolutionConfigurationPlatforms) = preSolution
		Debug|Any CPU = Debug|Any CPU
		Release|Any CPU = Release|Any CPU
	EndGlobalSection
	GlobalSection(ProjectConfigurationPlatforms) = postSolution
		{7CA35C9D-745A-4BB1-8B96-E45D626F372A}.Debug|Any CPU.ActiveCfg = Debug|Any CPU
		{7CA35C9D-745A-4BB1-8B96-E45D626F372A}.Debug|Any CPU.Build.0 = Debug|Any CPU
		{7CA35C9D-745A-4BB1-8B96-E45D626F372A}.Release|Any CPU.ActiveCfg = Release|Any CPU
		{7CA35C9D-745A-4BB1-8B96-E45D626F372A}.Release|Any CPU.Build.0 = Release|Any CPU
	EndGlobalSection
	GlobalSection(SolutionProperties) = preSolution
		HideSolutionNode = FALSE
	EndGlobalSection
	GlobalSection(ExtensibilityGlobals) = postSolution
		SolutionGuid = {B41C03E2-6676-4854-A997-B2C53DD765B1}
	EndGlobalSection
EndGlobal
